
Microsoft Visual Studio Solution File, Format Version 12.00
# Visual Studio 14
VisualStudioVersion = 14.0.25123.0
MinimumVisualStudioVersion = 10.0.40219.1
Project("{FAE04EC0-301F-11D3-BF4B-00C04F79EFBC}") = "01.MaxSequenceOfEqualElements", "01.MaxSequenceOfEqualElements\01.MaxSequenceOfEqualElements.csproj", "{F6A37ADA-E227-4896-8686-03D793F7FFF4}"
EndProject
Project("{FAE04EC0-301F-11D3-BF4B-00C04F79EFBC}") = "02.LongestIncreasingSubsequence", "02.LongestIncreasingSubsequence\02.LongestIncreasingSubsequence.csproj", "{D85A1F2C-9030-4C97-8871-40198771C85C}"
EndProject
Project("{FAE04EC0-301F-11D3-BF4B-00C04F79EFBC}") = "03.ArrayManipulator", "03.ArrayManipulator\03.ArrayManipulator.csproj", "{71114F11-F02A-4806-836C-B1A78B9D7676}"
EndProject
Project("{FAE04EC0-301F-11D3-BF4B-00C04F79EFBC}") = "04.SumReversedNumbers", "04.SumReversedNumbers\04.SumReversedNumbers.csproj", "{028C659F-AB6A-4189-BCB8-C854AC0D34EF}"
EndProject
Project("{FAE04EC0-301F-11D3-BF4B-00C04F79EFBC}") = "05.BombNumbers", "05.BombNumbers\05.BombNumbers.csproj", "{A0C7FE42-0377-45FE-B54D-BC3D47FEB8B2}"
EndProject
Global
	GlobalSection(SolutionConfigurationPlatforms) = preSolution
		Debug|Any CPU = Debug|Any CPU
		Release|Any CPU = Release|Any CPU
	EndGlobalSection
	GlobalSection(ProjectConfigurationPlatforms) = postSolution
		{F6A37ADA-E227-4896-8686-03D793F7FFF4}.Debug|Any CPU.ActiveCfg = Debug|Any CPU
		{F6A37ADA-E227-4896-8686-03D793F7FFF4}.Debug|Any CPU.Build.0 = Debug|Any CPU
		{F6A37ADA-E227-4896-8686-03D793F7FFF4}.Release|Any CPU.ActiveCfg = Release|Any CPU
		{F6A37ADA-E227-4896-8686-03D793F7FFF4}.Release|Any CPU.Build.0 = Release|Any CPU
		{D85A1F2C-9030-4C97-8871-40198771C85C}.Debug|Any CPU.ActiveCfg = Debug|Any CPU
		{D85A1F2C-9030-4C97-8871-40198771C85C}.Debug|Any CPU.Build.0 = Debug|Any CPU
		{D85A1F2C-9030-4C97-8871-40198771C85C}.Release|Any CPU.ActiveCfg = Release|Any CPU
		{D85A1F2C-9030-4C97-8871-40198771C85C}.Release|Any CPU.Build.0 = Release|Any CPU
		{71114F11-F02A-4806-836C-B1A78B9D7676}.Debug|Any CPU.ActiveCfg = Debug|Any CPU
		{71114F11-F02A-4806-836C-B1A78B9D7676}.Debug|Any CPU.Build.0 = Debug|Any CPU
		{71114F11-F02A-4806-836C-B1A78B9D7676}.Release|Any CPU.ActiveCfg = Release|Any CPU
		{71114F11-F02A-4806-836C-B1A78B9D7676}.Release|Any CPU.Build.0 = Release|Any CPU
		{028C659F-AB6A-4189-BCB8-C854AC0D34EF}.Debug|Any CPU.ActiveCfg = Debug|Any CPU
		{028C659F-AB6A-4189-BCB8-C854AC0D34EF}.Debug|Any CPU.Build.0 = Debug|Any CPU
		{028C659F-AB6A-4189-BCB8-C854AC0D34EF}.Release|Any CPU.ActiveCfg = Release|Any CPU
		{028C659F-AB6A-4189-BCB8-C854AC0D34EF}.Release|Any CPU.Build.0 = Release|Any CPU
		{A0C7FE42-0377-45FE-B54D-BC3D47FEB8B2}.Debug|Any CPU.ActiveCfg = Debug|Any CPU
		{A0C7FE42-0377-45FE-B54D-BC3D47FEB8B2}.Debug|Any CPU.Build.0 = Debug|Any CPU
		{A0C7FE42-0377-45FE-B54D-BC3D47FEB8B2}.Release|Any CPU.ActiveCfg = Release|Any CPU
		{A0C7FE42-0377-45FE-B54D-BC3D47FEB8B2}.Release|Any CPU.Build.0 = Release|Any CPU
	EndGlobalSection
	GlobalSection(SolutionProperties) = preSolution
		HideSolutionNode = FALSE
	EndGlobalSection
EndGlobal
