
Microsoft Visual Studio Solution File, Format Version 12.00
# Visual Studio 14
VisualStudioVersion = 14.0.25123.0
MinimumVisualStudioVersion = 10.0.40219.1
Project("{FAE04EC0-301F-11D3-BF4B-00C04F79EFBC}") = "01.FishMarket", "01.FishMarket\01.FishMarket.csproj", "{7CF33AD3-3F02-498E-B7E6-41A7AC3AC519}"
EndProject
Project("{FAE04EC0-301F-11D3-BF4B-00C04F79EFBC}") = "02.Pets", "02.Pets\02.Pets.csproj", "{29136BB2-DCB4-4244-A936-C6E8A34665BD}"
EndProject
Project("{FAE04EC0-301F-11D3-BF4B-00C04F79EFBC}") = "03. Vacation", "03. Vacation\03. Vacation.csproj", "{6640C45C-D078-43A0-8ED1-6DECCB207D06}"
EndProject
Project("{FAE04EC0-301F-11D3-BF4B-00C04F79EFBC}") = "04.SoftUniCamp", "04.SoftUniCamp\04.SoftUniCamp.csproj", "{58517303-EB57-43C1-B934-7E79038F4302}"
EndProject
Project("{FAE04EC0-301F-11D3-BF4B-00C04F79EFBC}") = "06.Battles", "06.Battles\06.Battles.csproj", "{FD4582E6-3217-4D5D-90F9-FEE0019C9719}"
EndProject
Project("{FAE04EC0-301F-11D3-BF4B-00C04F79EFBC}") = "05.Fox", "05.Fox\05.Fox.csproj", "{D63C7335-FD3A-49B1-B639-FCDCB7995672}"
EndProject
Global
	GlobalSection(SolutionConfigurationPlatforms) = preSolution
		Debug|Any CPU = Debug|Any CPU
		Release|Any CPU = Release|Any CPU
	EndGlobalSection
	GlobalSection(ProjectConfigurationPlatforms) = postSolution
		{7CF33AD3-3F02-498E-B7E6-41A7AC3AC519}.Debug|Any CPU.ActiveCfg = Debug|Any CPU
		{7CF33AD3-3F02-498E-B7E6-41A7AC3AC519}.Debug|Any CPU.Build.0 = Debug|Any CPU
		{7CF33AD3-3F02-498E-B7E6-41A7AC3AC519}.Release|Any CPU.ActiveCfg = Release|Any CPU
		{7CF33AD3-3F02-498E-B7E6-41A7AC3AC519}.Release|Any CPU.Build.0 = Release|Any CPU
		{29136BB2-DCB4-4244-A936-C6E8A34665BD}.Debug|Any CPU.ActiveCfg = Debug|Any CPU
		{29136BB2-DCB4-4244-A936-C6E8A34665BD}.Debug|Any CPU.Build.0 = Debug|Any CPU
		{29136BB2-DCB4-4244-A936-C6E8A34665BD}.Release|Any CPU.ActiveCfg = Release|Any CPU
		{29136BB2-DCB4-4244-A936-C6E8A34665BD}.Release|Any CPU.Build.0 = Release|Any CPU
		{6640C45C-D078-43A0-8ED1-6DECCB207D06}.Debug|Any CPU.ActiveCfg = Debug|Any CPU
		{6640C45C-D078-43A0-8ED1-6DECCB207D06}.Debug|Any CPU.Build.0 = Debug|Any CPU
		{6640C45C-D078-43A0-8ED1-6DECCB207D06}.Release|Any CPU.ActiveCfg = Release|Any CPU
		{6640C45C-D078-43A0-8ED1-6DECCB207D06}.Release|Any CPU.Build.0 = Release|Any CPU
		{58517303-EB57-43C1-B934-7E79038F4302}.Debug|Any CPU.ActiveCfg = Debug|Any CPU
		{58517303-EB57-43C1-B934-7E79038F4302}.Debug|Any CPU.Build.0 = Debug|Any CPU
		{58517303-EB57-43C1-B934-7E79038F4302}.Release|Any CPU.ActiveCfg = Release|Any CPU
		{58517303-EB57-43C1-B934-7E79038F4302}.Release|Any CPU.Build.0 = Release|Any CPU
		{FD4582E6-3217-4D5D-90F9-FEE0019C9719}.Debug|Any CPU.ActiveCfg = Debug|Any CPU
		{FD4582E6-3217-4D5D-90F9-FEE0019C9719}.Debug|Any CPU.Build.0 = Debug|Any CPU
		{FD4582E6-3217-4D5D-90F9-FEE0019C9719}.Release|Any CPU.ActiveCfg = Release|Any CPU
		{FD4582E6-3217-4D5D-90F9-FEE0019C9719}.Release|Any CPU.Build.0 = Release|Any CPU
		{D63C7335-FD3A-49B1-B639-FCDCB7995672}.Debug|Any CPU.ActiveCfg = Debug|Any CPU
		{D63C7335-FD3A-49B1-B639-FCDCB7995672}.Debug|Any CPU.Build.0 = Debug|Any CPU
		{D63C7335-FD3A-49B1-B639-FCDCB7995672}.Release|Any CPU.ActiveCfg = Release|Any CPU
		{D63C7335-FD3A-49B1-B639-FCDCB7995672}.Release|Any CPU.Build.0 = Release|Any CPU
	EndGlobalSection
	GlobalSection(SolutionProperties) = preSolution
		HideSolutionNode = FALSE
	EndGlobalSection
EndGlobal
