
Microsoft Visual Studio Solution File, Format Version 12.00
# Visual Studio 14
VisualStudioVersion = 14.0.25123.0
MinimumVisualStudioVersion = 10.0.40219.1
Project("{FAE04EC0-301F-11D3-BF4B-00C04F79EFBC}") = "01.ExtractEmails", "01.ExtractEmails\01.ExtractEmails.csproj", "{BB044272-12A8-425B-A4BC-B22578910A1F}"
EndProject
Project("{FAE04EC0-301F-11D3-BF4B-00C04F79EFBC}") = "02.ExtractSentencesByKeyword", "02.ExtractSentencesByKeyword\02.ExtractSentencesByKeyword.csproj", "{8DF16657-2A6B-43CA-A57F-23C0C85297CE}"
EndProject
Project("{FAE04EC0-301F-11D3-BF4B-00C04F79EFBC}") = "03.ValidUsernames", "03.ValidUsernames\03.ValidUsernames.csproj", "{BBCE2EF2-1A6F-4DFF-AAEB-99A2EA8494B3}"
EndProject
Project("{FAE04EC0-301F-11D3-BF4B-00C04F79EFBC}") = "04.QueryMess", "04.QueryMess\04.QueryMess.csproj", "{C32740D3-34D0-4D15-A8BF-FF816614EAC5}"
EndProject
Project("{FAE04EC0-301F-11D3-BF4B-00C04F79EFBC}") = "05.UserYourChainsBuddy", "05.UserYourChainsBuddy\05.UserYourChainsBuddy.csproj", "{B0D74430-242E-4069-98AC-12C12F64C71E}"
EndProject
Global
	GlobalSection(SolutionConfigurationPlatforms) = preSolution
		Debug|Any CPU = Debug|Any CPU
		Release|Any CPU = Release|Any CPU
	EndGlobalSection
	GlobalSection(ProjectConfigurationPlatforms) = postSolution
		{BB044272-12A8-425B-A4BC-B22578910A1F}.Debug|Any CPU.ActiveCfg = Debug|Any CPU
		{BB044272-12A8-425B-A4BC-B22578910A1F}.Debug|Any CPU.Build.0 = Debug|Any CPU
		{BB044272-12A8-425B-A4BC-B22578910A1F}.Release|Any CPU.ActiveCfg = Release|Any CPU
		{BB044272-12A8-425B-A4BC-B22578910A1F}.Release|Any CPU.Build.0 = Release|Any CPU
		{8DF16657-2A6B-43CA-A57F-23C0C85297CE}.Debug|Any CPU.ActiveCfg = Debug|Any CPU
		{8DF16657-2A6B-43CA-A57F-23C0C85297CE}.Debug|Any CPU.Build.0 = Debug|Any CPU
		{8DF16657-2A6B-43CA-A57F-23C0C85297CE}.Release|Any CPU.ActiveCfg = Release|Any CPU
		{8DF16657-2A6B-43CA-A57F-23C0C85297CE}.Release|Any CPU.Build.0 = Release|Any CPU
		{BBCE2EF2-1A6F-4DFF-AAEB-99A2EA8494B3}.Debug|Any CPU.ActiveCfg = Debug|Any CPU
		{BBCE2EF2-1A6F-4DFF-AAEB-99A2EA8494B3}.Debug|Any CPU.Build.0 = Debug|Any CPU
		{BBCE2EF2-1A6F-4DFF-AAEB-99A2EA8494B3}.Release|Any CPU.ActiveCfg = Release|Any CPU
		{BBCE2EF2-1A6F-4DFF-AAEB-99A2EA8494B3}.Release|Any CPU.Build.0 = Release|Any CPU
		{C32740D3-34D0-4D15-A8BF-FF816614EAC5}.Debug|Any CPU.ActiveCfg = Debug|Any CPU
		{C32740D3-34D0-4D15-A8BF-FF816614EAC5}.Debug|Any CPU.Build.0 = Debug|Any CPU
		{C32740D3-34D0-4D15-A8BF-FF816614EAC5}.Release|Any CPU.ActiveCfg = Release|Any CPU
		{C32740D3-34D0-4D15-A8BF-FF816614EAC5}.Release|Any CPU.Build.0 = Release|Any CPU
		{B0D74430-242E-4069-98AC-12C12F64C71E}.Debug|Any CPU.ActiveCfg = Debug|Any CPU
		{B0D74430-242E-4069-98AC-12C12F64C71E}.Debug|Any CPU.Build.0 = Debug|Any CPU
		{B0D74430-242E-4069-98AC-12C12F64C71E}.Release|Any CPU.ActiveCfg = Release|Any CPU
		{B0D74430-242E-4069-98AC-12C12F64C71E}.Release|Any CPU.Build.0 = Release|Any CPU
	EndGlobalSection
	GlobalSection(SolutionProperties) = preSolution
		HideSolutionNode = FALSE
	EndGlobalSection
EndGlobal
